
Microsoft Visual Studio Solution File, Format Version 12.00
# Visual Studio Version 16
VisualStudioVersion = 16.0.32930.78
MinimumVisualStudioVersion = 10.0.40219.1
Project("{FAE04EC0-301F-11D3-BF4B-00C04F79EFBC}") = "EShopAdminApplication", "EShopAdminApplication\EShopAdminApplication.csproj", "{E8AA6D9C-7C34-4064-810E-222A21BBFCC3}"
EndProject
Global
	GlobalSection(SolutionConfigurationPlatforms) = preSolution
		Debug|Any CPU = Debug|Any CPU
		Release|Any CPU = Release|Any CPU
	EndGlobalSection
	GlobalSection(ProjectConfigurationPlatforms) = postSolution
		{E8AA6D9C-7C34-4064-810E-222A21BBFCC3}.Debug|Any CPU.ActiveCfg = Debug|Any CPU
		{E8AA6D9C-7C34-4064-810E-222A21BBFCC3}.Debug|Any CPU.Build.0 = Debug|Any CPU
		{E8AA6D9C-7C34-4064-810E-222A21BBFCC3}.Release|Any CPU.ActiveCfg = Release|Any CPU
		{E8AA6D9C-7C34-4064-810E-222A21BBFCC3}.Release|Any CPU.Build.0 = Release|Any CPU
	EndGlobalSection
	GlobalSection(SolutionProperties) = preSolution
		HideSolutionNode = FALSE
	EndGlobalSection
	GlobalSection(ExtensibilityGlobals) = postSolution
		SolutionGuid = {23AAF8DE-846D-45C3-BCE2-B2886C1A3ECF}
	EndGlobalSection
EndGlobal
